
Microsoft Visual Studio Solution File, Format Version 12.00
# Visual Studio Version 17
VisualStudioVersion = 17.0.32126.317
MinimumVisualStudioVersion = 10.0.40219.1
Project("{9A19103F-16F7-4668-BE54-9A1E7A4F7556}") = "Exception_HW", "Exception_HW.csproj", "{D0BAB40A-9893-400B-9D4E-D13A889D1BDD}"
EndProject
Global
	GlobalSection(SolutionConfigurationPlatforms) = preSolution
		Debug|Any CPU = Debug|Any CPU
		Release|Any CPU = Release|Any CPU
	EndGlobalSection
	GlobalSection(ProjectConfigurationPlatforms) = postSolution
		{D0BAB40A-9893-400B-9D4E-D13A889D1BDD}.Debug|Any CPU.ActiveCfg = Debug|Any CPU
		{D0BAB40A-9893-400B-9D4E-D13A889D1BDD}.Debug|Any CPU.Build.0 = Debug|Any CPU
		{D0BAB40A-9893-400B-9D4E-D13A889D1BDD}.Release|Any CPU.ActiveCfg = Release|Any CPU
		{D0BAB40A-9893-400B-9D4E-D13A889D1BDD}.Release|Any CPU.Build.0 = Release|Any CPU
	EndGlobalSection
	GlobalSection(SolutionProperties) = preSolution
		HideSolutionNode = FALSE
	EndGlobalSection
	GlobalSection(ExtensibilityGlobals) = postSolution
		SolutionGuid = {D5050A89-C0A6-4950-8C21-CF9750B7704E}
	EndGlobalSection
EndGlobal
